
Microsoft Visual Studio Solution File, Format Version 12.00
# Visual Studio Version 16
VisualStudioVersion = 16.0.30406.217
MinimumVisualStudioVersion = 10.0.40219.1
Project("{9A19103F-16F7-4668-BE54-9A1E7A4F7556}") = "Duolingo", "Duolingo\Duolingo.csproj", "{5EA30799-0805-43D6-AB35-316DE3389DD8}"
EndProject
Project("{FAE04EC0-301F-11D3-BF4B-00C04F79EFBC}") = "Duolingo_CR", "Duolingo_CR\Duolingo_CR.csproj", "{7FF56FE1-296C-470D-8D9E-E5E702F82261}"
	ProjectSection(ProjectDependencies) = postProject
		{5EA30799-0805-43D6-AB35-316DE3389DD8} = {5EA30799-0805-43D6-AB35-316DE3389DD8}
	EndProjectSection
EndProject
Global
	GlobalSection(SolutionConfigurationPlatforms) = preSolution
		Debug|Any CPU = Debug|Any CPU
		GitHub|Any CPU = GitHub|Any CPU
		Release|Any CPU = Release|Any CPU
	EndGlobalSection
	GlobalSection(ProjectConfigurationPlatforms) = postSolution
		{5EA30799-0805-43D6-AB35-316DE3389DD8}.Debug|Any CPU.ActiveCfg = Debug|Any CPU
		{5EA30799-0805-43D6-AB35-316DE3389DD8}.Debug|Any CPU.Build.0 = Debug|Any CPU
		{5EA30799-0805-43D6-AB35-316DE3389DD8}.GitHub|Any CPU.ActiveCfg = GitHub|Any CPU
		{5EA30799-0805-43D6-AB35-316DE3389DD8}.GitHub|Any CPU.Build.0 = GitHub|Any CPU
		{5EA30799-0805-43D6-AB35-316DE3389DD8}.Release|Any CPU.ActiveCfg = Release|Any CPU
		{5EA30799-0805-43D6-AB35-316DE3389DD8}.Release|Any CPU.Build.0 = Release|Any CPU
		{7FF56FE1-296C-470D-8D9E-E5E702F82261}.Debug|Any CPU.ActiveCfg = Debug|Any CPU
		{7FF56FE1-296C-470D-8D9E-E5E702F82261}.Debug|Any CPU.Build.0 = Debug|Any CPU
		{7FF56FE1-296C-470D-8D9E-E5E702F82261}.GitHub|Any CPU.ActiveCfg = GitHub|Any CPU
		{7FF56FE1-296C-470D-8D9E-E5E702F82261}.GitHub|Any CPU.Build.0 = GitHub|Any CPU
		{7FF56FE1-296C-470D-8D9E-E5E702F82261}.Release|Any CPU.ActiveCfg = Release|Any CPU
		{7FF56FE1-296C-470D-8D9E-E5E702F82261}.Release|Any CPU.Build.0 = Release|Any CPU
	EndGlobalSection
	GlobalSection(SolutionProperties) = preSolution
		HideSolutionNode = FALSE
	EndGlobalSection
	GlobalSection(ExtensibilityGlobals) = postSolution
		SolutionGuid = {374F068A-9A2E-47C3-B621-8BCE3F24F654}
	EndGlobalSection
EndGlobal
